
Microsoft Visual Studio Solution File, Format Version 12.00
Project("{2150E333-8FDC-42A3-9474-1A3956D46DE8}") = "src", "src", "{E1099F41-D268-4B43-B3E2-A4C737A84295}"
EndProject
Project("{2150E333-8FDC-42A3-9474-1A3956D46DE8}") = "tests", "tests", "{EB153856-ACEE-4B85-9183-7EAF4198CEDD}"
EndProject
Project("{2150E333-8FDC-42A3-9474-1A3956D46DE8}") = "Domain", "Domain", "{822A1987-58BE-472E-BE91-0899BDB476C8}"
EndProject
Project("{2150E333-8FDC-42A3-9474-1A3956D46DE8}") = "Presentation", "Presentation", "{C73AF9ED-32B3-4244-A825-C7BE105E24A1}"
EndProject
Project("{2150E333-8FDC-42A3-9474-1A3956D46DE8}") = "Application", "Application", "{9B78501B-1BE5-440F-B03E-D8616D7E9229}"
EndProject
Project("{2150E333-8FDC-42A3-9474-1A3956D46DE8}") = "Infrastructure", "Infrastructure", "{18639EFA-2DAC-4BB1-852F-4D7532FDF5D7}"
EndProject
Project("{FAE04EC0-301F-11D3-BF4B-00C04F79EFBC}") = "PlantShop.Application", "src\Application\PlantShop.Application\PlantShop.Application.csproj", "{F324C539-D35D-4C62-A985-66A71B467A56}"
EndProject
Project("{FAE04EC0-301F-11D3-BF4B-00C04F79EFBC}") = "PlantShop.Domain", "src\Domain\PlantShop.Domain\PlantShop.Domain.csproj", "{5FD77534-F9A7-4E31-B937-4D966036E30E}"
EndProject
Project("{FAE04EC0-301F-11D3-BF4B-00C04F79EFBC}") = "PlantShop.Infrastructure", "src\Infrastructure\PlantShop.Infrastructure\PlantShop.Infrastructure.csproj", "{05D4FEE0-C71B-4B1D-9068-4DDDA9815D77}"
EndProject
Project("{FAE04EC0-301F-11D3-BF4B-00C04F79EFBC}") = "PlantShop.WebAPI", "src\Presentation\PlantShop.WebAPI\PlantShop.WebAPI.csproj", "{AC08DDCE-78C6-4A60-8B3D-1DAF700FCB0B}"
EndProject
Global
	GlobalSection(SolutionConfigurationPlatforms) = preSolution
		Debug|Any CPU = Debug|Any CPU
		Release|Any CPU = Release|Any CPU
	EndGlobalSection
	GlobalSection(NestedProjects) = preSolution
		{822A1987-58BE-472E-BE91-0899BDB476C8} = {E1099F41-D268-4B43-B3E2-A4C737A84295}
		{C73AF9ED-32B3-4244-A825-C7BE105E24A1} = {E1099F41-D268-4B43-B3E2-A4C737A84295}
		{9B78501B-1BE5-440F-B03E-D8616D7E9229} = {E1099F41-D268-4B43-B3E2-A4C737A84295}
		{18639EFA-2DAC-4BB1-852F-4D7532FDF5D7} = {E1099F41-D268-4B43-B3E2-A4C737A84295}
		{F324C539-D35D-4C62-A985-66A71B467A56} = {9B78501B-1BE5-440F-B03E-D8616D7E9229}
		{5FD77534-F9A7-4E31-B937-4D966036E30E} = {822A1987-58BE-472E-BE91-0899BDB476C8}
		{05D4FEE0-C71B-4B1D-9068-4DDDA9815D77} = {18639EFA-2DAC-4BB1-852F-4D7532FDF5D7}
		{AC08DDCE-78C6-4A60-8B3D-1DAF700FCB0B} = {C73AF9ED-32B3-4244-A825-C7BE105E24A1}
	EndGlobalSection
	GlobalSection(ProjectConfigurationPlatforms) = postSolution
		{F324C539-D35D-4C62-A985-66A71B467A56}.Debug|Any CPU.ActiveCfg = Debug|Any CPU
		{F324C539-D35D-4C62-A985-66A71B467A56}.Debug|Any CPU.Build.0 = Debug|Any CPU
		{F324C539-D35D-4C62-A985-66A71B467A56}.Release|Any CPU.ActiveCfg = Release|Any CPU
		{F324C539-D35D-4C62-A985-66A71B467A56}.Release|Any CPU.Build.0 = Release|Any CPU
		{5FD77534-F9A7-4E31-B937-4D966036E30E}.Debug|Any CPU.ActiveCfg = Debug|Any CPU
		{5FD77534-F9A7-4E31-B937-4D966036E30E}.Debug|Any CPU.Build.0 = Debug|Any CPU
		{5FD77534-F9A7-4E31-B937-4D966036E30E}.Release|Any CPU.ActiveCfg = Release|Any CPU
		{5FD77534-F9A7-4E31-B937-4D966036E30E}.Release|Any CPU.Build.0 = Release|Any CPU
		{05D4FEE0-C71B-4B1D-9068-4DDDA9815D77}.Debug|Any CPU.ActiveCfg = Debug|Any CPU
		{05D4FEE0-C71B-4B1D-9068-4DDDA9815D77}.Debug|Any CPU.Build.0 = Debug|Any CPU
		{05D4FEE0-C71B-4B1D-9068-4DDDA9815D77}.Release|Any CPU.ActiveCfg = Release|Any CPU
		{05D4FEE0-C71B-4B1D-9068-4DDDA9815D77}.Release|Any CPU.Build.0 = Release|Any CPU
		{AC08DDCE-78C6-4A60-8B3D-1DAF700FCB0B}.Debug|Any CPU.ActiveCfg = Debug|Any CPU
		{AC08DDCE-78C6-4A60-8B3D-1DAF700FCB0B}.Debug|Any CPU.Build.0 = Debug|Any CPU
		{AC08DDCE-78C6-4A60-8B3D-1DAF700FCB0B}.Release|Any CPU.ActiveCfg = Release|Any CPU
		{AC08DDCE-78C6-4A60-8B3D-1DAF700FCB0B}.Release|Any CPU.Build.0 = Release|Any CPU
	EndGlobalSection
EndGlobal
